version = 1
revision = 3
requires-python = "==3.14.*"

[[package]]
name = "colorama"
version = "0.4.6"
source = { registry = "https://pypi.org/simple" }
sdist = { url = "https://files.pythonhosted.org/packages/d8/53/6f443c9a4a8358a93a6792e2acffb9d9d5cb0a5cfd8802644b7b1c9a02e4/colorama-0.4.6.tar.gz", hash = "sha256:08695f5cb7ed6e0531a20572697297273c47b8cae5a63ffc6d6ed5c201be6e44", size = 27697, upload-time = "2022-10-25T02:36:22.414Z" }
wheels = [
    { url = "https://files.pythonhosted.org/packages/d1/d6/3965ed04c63042e047cb6a3e6ed1a63a35087b6a609aa3a15ed8ac56c221/colorama-0.4.6-py2.py3-none-any.whl", hash = "sha256:4f1d9991f5acc0ca119f9d443620b77f9d6b33703e51011c16baf57afb285fc6", size = 25335, upload-time = "2022-10-25T02:36:20.889Z" },
]

[[package]]
name = "coverage"
version = "7.13.1"
source = { registry = "https://pypi.org/simple" }
sdist = { url = "https://files.pythonhosted.org/packages/23/f9/e92df5e07f3fc8d4c7f9a0f146ef75446bf870351cd37b788cf5897f8079/coverage-7.13.1.tar.gz", hash = "sha256:b7593fe7eb5feaa3fbb461ac79aac9f9fc0387a5ca8080b0c6fe2ca27b091afd", size = 825862, upload-time = "2025-12-28T15:42:56.969Z" }
wheels = [
    { url = "https://files.pythonhosted.org/packages/aa/8e/ba0e597560c6563fc0adb902fda6526df5d4aa73bb10adf0574d03bd2206/coverage-7.13.1-cp314-cp314-macosx_10_15_x86_64.whl", hash = "sha256:97ab3647280d458a1f9adb85244e81587505a43c0c7cff851f5116cd2814b894", size = 218996, upload-time = "2025-12-28T15:42:04.978Z" },
    { url = "https://files.pythonhosted.org/packages/6b/8e/764c6e116f4221dc7aa26c4061181ff92edb9c799adae6433d18eeba7a14/coverage-7.13.1-cp314-cp314-macosx_11_0_arm64.whl", hash = "sha256:8f572d989142e0908e6acf57ad1b9b86989ff057c006d13b76c146ec6a20216a", size = 219326, upload-time = "2025-12-28T15:42:06.691Z" },
    { url = "https://files.pythonhosted.org/packages/4f/a6/6130dc6d8da28cdcbb0f2bf8865aeca9b157622f7c0031e48c6cf9a0e591/coverage-7.13.1-cp314-cp314-manylinux1_i686.manylinux_2_28_i686.manylinux_2_5_i686.whl", hash = "sha256:d72140ccf8a147e94274024ff6fd8fb7811354cf7ef88b1f0a988ebaa5bc774f", size = 250374, upload-time = "2025-12-28T15:42:08.786Z" },
    { url = "https://files.pythonhosted.org/packages/82/2b/783ded568f7cd6b677762f780ad338bf4b4750205860c17c25f7c708995e/coverage-7.13.1-cp314-cp314-manylinux1_x86_64.manylinux_2_28_x86_64.manylinux_2_5_x86_64.whl", hash = "sha256:d3c9f051b028810f5a87c88e5d6e9af3c0ff32ef62763bf15d29f740453ca909", size = 252882, upload-time = "2025-12-28T15:42:10.515Z" },
    { url = "https://files.pythonhosted.org/packages/cd/b2/9808766d082e6a4d59eb0cc881a57fc1600eb2c5882813eefff8254f71b5/coverage-7.13.1-cp314-cp314-manylinux2014_aarch64.manylinux_2_17_aarch64.manylinux_2_28_aarch64.whl", hash = "sha256:f398ba4df52d30b1763f62eed9de5620dcde96e6f491f4c62686736b155aa6e4", size = 254218, upload-time = "2025-12-28T15:42:12.208Z" },
    { url = "https://files.pythonhosted.org/packages/44/ea/52a985bb447c871cb4d2e376e401116520991b597c85afdde1ea9ef54f2c/coverage-7.13.1-cp314-cp314-manylinux_2_31_riscv64.manylinux_2_39_riscv64.whl", hash = "sha256:132718176cc723026d201e347f800cd1a9e4b62ccd3f82476950834dad501c75", size = 250391, upload-time = "2025-12-28T15:42:14.21Z" },
    { url = "https://files.pythonhosted.org/packages/7f/1d/125b36cc12310718873cfc8209ecfbc1008f14f4f5fa0662aa608e579353/coverage-7.13.1-cp314-cp314-musllinux_1_2_aarch64.whl", hash = "sha256:9e549d642426e3579b3f4b92d0431543b012dcb6e825c91619d4e93b7363c3f9", size = 252239, upload-time = "2025-12-28T15:42:16.292Z" },
    { url = "https://files.pythonhosted.org/packages/6a/16/10c1c164950cade470107f9f14bbac8485f8fb8515f515fca53d337e4a7f/coverage-7.13.1-cp314-cp314-musllinux_1_2_i686.whl", hash = "sha256:90480b2134999301eea795b3a9dbf606c6fbab1b489150c501da84a959442465", size = 250196, upload-time = "2025-12-28T15:42:18.54Z" },
    { url = "https://files.pythonhosted.org/packages/2a/c6/cd860fac08780c6fd659732f6ced1b40b79c35977c1356344e44d72ba6c4/coverage-7.13.1-cp314-cp314-musllinux_1_2_riscv64.whl", hash = "sha256:e825dbb7f84dfa24663dd75835e7257f8882629fc11f03ecf77d84a75134b864", size = 250008, upload-time = "2025-12-28T15:42:20.365Z" },
    { url = "https://files.pythonhosted.org/packages/f0/3a/a8c58d3d38f82a5711e1e0a67268362af48e1a03df27c03072ac30feefcf/coverage-7.13.1-cp314-cp314-musllinux_1_2_x86_64.whl", hash = "sha256:623dcc6d7a7ba450bbdbeedbaa0c42b329bdae16491af2282f12a7e809be7eb9", size = 251671, upload-time = "2025-12-28T15:42:22.114Z" },
    { url = "https://files.pythonhosted.org/packages/f0/bc/fd4c1da651d037a1e3d53e8cb3f8182f4b53271ffa9a95a2e211bacc0349/coverage-7.13.1-cp314-cp314-win32.whl", hash = "sha256:6e73ebb44dca5f708dc871fe0b90cf4cff1a13f9956f747cc87b535a840386f5", size = 221777, upload-time = "2025-12-28T15:42:23.919Z" },
    { url = "https://files.pythonhosted.org/packages/4b/50/71acabdc8948464c17e90b5ffd92358579bd0910732c2a1c9537d7536aa6/coverage-7.13.1-cp314-cp314-win_amd64.whl", hash = "sha256:be753b225d159feb397bd0bf91ae86f689bad0da09d3b301478cd39b878ab31a", size = 222592, upload-time = "2025-12-28T15:42:25.619Z" },
    { url = "https://files.pythonhosted.org/packages/f7/c8/a6fb943081bb0cc926499c7907731a6dc9efc2cbdc76d738c0ab752f1a32/coverage-7.13.1-cp314-cp314-win_arm64.whl", hash = "sha256:228b90f613b25ba0019361e4ab81520b343b622fc657daf7e501c4ed6a2366c0", size = 221169, upload-time = "2025-12-28T15:42:27.629Z" },
    { url = "https://files.pythonhosted.org/packages/16/61/d5b7a0a0e0e40d62e59bc8c7aa1afbd86280d82728ba97f0673b746b78e2/coverage-7.13.1-cp314-cp314t-macosx_10_15_x86_64.whl", hash = "sha256:60cfb538fe9ef86e5b2ab0ca8fc8d62524777f6c611dcaf76dc16fbe9b8e698a", size = 219730, upload-time = "2025-12-28T15:42:29.306Z" },
    { url = "https://files.pythonhosted.org/packages/a3/2c/8881326445fd071bb49514d1ce97d18a46a980712b51fee84f9ab42845b4/coverage-7.13.1-cp314-cp314t-macosx_11_0_arm64.whl", hash = "sha256:57dfc8048c72ba48a8c45e188d811e5efd7e49b387effc8fb17e97936dde5bf6", size = 220001, upload-time = "2025-12-28T15:42:31.319Z" },
    { url = "https://files.pythonhosted.org/packages/b5/d7/50de63af51dfa3a7f91cc37ad8fcc1e244b734232fbc8b9ab0f3c834a5cd/coverage-7.13.1-cp314-cp314t-manylinux1_i686.manylinux_2_28_i686.manylinux_2_5_i686.whl", hash = "sha256:3f2f725aa3e909b3c5fdb8192490bdd8e1495e85906af74fe6e34a2a77ba0673", size = 261370, upload-time = "2025-12-28T15:42:32.992Z" },
    { url = "https://files.pythonhosted.org/packages/e1/2c/d31722f0ec918fd7453b2758312729f645978d212b410cd0f7c2aed88a94/coverage-7.13.1-cp314-cp314t-manylinux1_x86_64.manylinux_2_28_x86_64.manylinux_2_5_x86_64.whl", hash = "sha256:9ee68b21909686eeb21dfcba2c3b81fee70dcf38b140dcd5aa70680995fa3aa5", size = 263485, upload-time = "2025-12-28T15:42:34.759Z" },
    { url = "https://files.pythonhosted.org/packages/fa/7a/2c114fa5c5fc08ba0777e4aec4c97e0b4a1afcb69c75f1f54cff78b073ab/coverage-7.13.1-cp314-cp314t-manylinux2014_aarch64.manylinux_2_17_aarch64.manylinux_2_28_aarch64.whl", hash = "sha256:724b1b270cb13ea2e6503476e34541a0b1f62280bc997eab443f87790202033d", size = 265890, upload-time = "2025-12-28T15:42:36.517Z" },
    { url = "https://files.pythonhosted.org/packages/65/d9/f0794aa1c74ceabc780fe17f6c338456bbc4e96bd950f2e969f48ac6fb20/coverage-7.13.1-cp314-cp314t-manylinux_2_31_riscv64.manylinux_2_39_riscv64.whl", hash = "sha256:916abf1ac5cf7eb16bc540a5bf75c71c43a676f5c52fcb9fe75a2bd75fb944e8", size = 260445, upload-time = "2025-12-28T15:42:38.646Z" },
    { url = "https://files.pythonhosted.org/packages/49/23/184b22a00d9bb97488863ced9454068c79e413cb23f472da6cbddc6cfc52/coverage-7.13.1-cp314-cp314t-musllinux_1_2_aarch64.whl", hash = "sha256:776483fd35b58d8afe3acbd9988d5de592ab6da2d2a865edfdbc9fdb43e7c486", size = 263357, upload-time = "2025-12-28T15:42:40.788Z" },
    { url = "https://files.pythonhosted.org/packages/7d/bd/58af54c0c9199ea4190284f389005779d7daf7bf3ce40dcd2d2b2f96da69/coverage-7.13.1-cp314-cp314t-musllinux_1_2_i686.whl", hash = "sha256:b6f3b96617e9852703f5b633ea01315ca45c77e879584f283c44127f0f1ec564", size = 260959, upload-time = "2025-12-28T15:42:42.808Z" },
    { url = "https://files.pythonhosted.org/packages/4b/2a/6839294e8f78a4891bf1df79d69c536880ba2f970d0ff09e7513d6e352e9/coverage-7.13.1-cp314-cp314t-musllinux_1_2_riscv64.whl", hash = "sha256:bd63e7b74661fed317212fab774e2a648bc4bb09b35f25474f8e3325d2945cd7", size = 259792, upload-time = "2025-12-28T15:42:44.818Z" },
    { url = "https://files.pythonhosted.org/packages/ba/c3/528674d4623283310ad676c5af7414b9850ab6d55c2300e8aa4b945ec554/coverage-7.13.1-cp314-cp314t-musllinux_1_2_x86_64.whl", hash = "sha256:933082f161bbb3e9f90d00990dc956120f608cdbcaeea15c4d897f56ef4fe416", size = 262123, upload-time = "2025-12-28T15:42:47.108Z" },
    { url = "https://files.pythonhosted.org/packages/06/c5/8c0515692fb4c73ac379d8dc09b18eaf0214ecb76ea6e62467ba7a1556ff/coverage-7.13.1-cp314-cp314t-win32.whl", hash = "sha256:18be793c4c87de2965e1c0f060f03d9e5aff66cfeae8e1dbe6e5b88056ec153f", size = 222562, upload-time = "2025-12-28T15:42:49.144Z" },
    { url = "https://files.pythonhosted.org/packages/05/0e/c0a0c4678cb30dac735811db529b321d7e1c9120b79bd728d4f4d6b010e9/coverage-7.13.1-cp314-cp314t-win_amd64.whl", hash = "sha256:0e42e0ec0cd3e0d851cb3c91f770c9301f48647cb2877cb78f74bdaa07639a79", size = 223670, upload-time = "2025-12-28T15:42:51.218Z" },
    { url = "https://files.pythonhosted.org/packages/f5/5f/b177aa0011f354abf03a8f30a85032686d290fdeed4222b27d36b4372a50/coverage-7.13.1-cp314-cp314t-win_arm64.whl", hash = "sha256:eaecf47ef10c72ece9a2a92118257da87e460e113b83cc0d2905cbbe931792b4", size = 221707, upload-time = "2025-12-28T15:42:53.034Z" },
    { url = "https://files.pythonhosted.org/packages/cc/48/d9f421cb8da5afaa1a64570d9989e00fb7955e6acddc5a12979f7666ef60/coverage-7.13.1-py3-none-any.whl", hash = "sha256:2016745cb3ba554469d02819d78958b571792bb68e31302610e898f80dd3a573", size = 210722, upload-time = "2025-12-28T15:42:54.901Z" },
]

[[package]]
name = "enable-pre-commit-hooks"
version = "26.1.1"
source = { editable = "." }

[package.optional-dependencies]
dev = [
    { name = "coverage" },
    { name = "pytest-mock" },
    { name = "ruff" },
    { name = "ty" },
    { name = "typos" },
]

[package.metadata]
requires-dist = [
    { name = "coverage", marker = "extra == 'dev'", specifier = ">=7.13.1,<8" },
    { name = "pytest-mock", marker = "extra == 'dev'", specifier = ">=3.15.1,<4" },
    { name = "ruff", marker = "extra == 'dev'", specifier = ">=0.13.3,<0.14" },
    { name = "ty", marker = "extra == 'dev'", specifier = ">=0.0.12" },
    { name = "typos", marker = "extra == 'dev'", specifier = ">=1.42.0,<2" },
]
provides-extras = ["dev"]

[[package]]
name = "iniconfig"
version = "2.3.0"
source = { registry = "https://pypi.org/simple" }
sdist = { url = "https://files.pythonhosted.org/packages/72/34/14ca021ce8e5dfedc35312d08ba8bf51fdd999c576889fc2c24cb97f4f10/iniconfig-2.3.0.tar.gz", hash = "sha256:c76315c77db068650d49c5b56314774a7804df16fee4402c1f19d6d15d8c4730", size = 20503, upload-time = "2025-10-18T21:55:43.219Z" }
wheels = [
    { url = "https://files.pythonhosted.org/packages/cb/b1/3846dd7f199d53cb17f49cba7e651e9ce294d8497c8c150530ed11865bb8/iniconfig-2.3.0-py3-none-any.whl", hash = "sha256:f631c04d2c48c52b84d0d0549c99ff3859c98df65b3101406327ecc7d53fbf12", size = 7484, upload-time = "2025-10-18T21:55:41.639Z" },
]

[[package]]
name = "packaging"
version = "25.0"
source = { registry = "https://pypi.org/simple" }
sdist = { url = "https://files.pythonhosted.org/packages/a1/d4/1fc4078c65507b51b96ca8f8c3ba19e6a61c8253c72794544580a7b6c24d/packaging-25.0.tar.gz", hash = "sha256:d443872c98d677bf60f6a1f2f8c1cb748e8fe762d2bf9d3148b5599295b0fc4f", size = 165727, upload-time = "2025-04-19T11:48:59.673Z" }
wheels = [
    { url = "https://files.pythonhosted.org/packages/20/12/38679034af332785aac8774540895e234f4d07f7545804097de4b666afd8/packaging-25.0-py3-none-any.whl", hash = "sha256:29572ef2b1f17581046b3a2227d5c611fb25ec70ca1ba8554b24b0e69331a484", size = 66469, upload-time = "2025-04-19T11:48:57.875Z" },
]

[[package]]
name = "pluggy"
version = "1.6.0"
source = { registry = "https://pypi.org/simple" }
sdist = { url = "https://files.pythonhosted.org/packages/f9/e2/3e91f31a7d2b083fe6ef3fa267035b518369d9511ffab804f839851d2779/pluggy-1.6.0.tar.gz", hash = "sha256:7dcc130b76258d33b90f61b658791dede3486c3e6bfb003ee5c9bfb396dd22f3", size = 69412, upload-time = "2025-05-15T12:30:07.975Z" }
wheels = [
    { url = "https://files.pythonhosted.org/packages/54/20/4d324d65cc6d9205fabedc306948156824eb9f0ee1633355a8f7ec5c66bf/pluggy-1.6.0-py3-none-any.whl", hash = "sha256:e920276dd6813095e9377c0bc5566d94c932c33b27a3e3945d8389c374dd4746", size = 20538, upload-time = "2025-05-15T12:30:06.134Z" },
]

[[package]]
name = "pygments"
version = "2.19.2"
source = { registry = "https://pypi.org/simple" }
sdist = { url = "https://files.pythonhosted.org/packages/b0/77/a5b8c569bf593b0140bde72ea885a803b82086995367bf2037de0159d924/pygments-2.19.2.tar.gz", hash = "sha256:636cb2477cec7f8952536970bc533bc43743542f70392ae026374600add5b887", size = 4968631, upload-time = "2025-06-21T13:39:12.283Z" }
wheels = [
    { url = "https://files.pythonhosted.org/packages/c7/21/705964c7812476f378728bdf590ca4b771ec72385c533964653c68e86bdc/pygments-2.19.2-py3-none-any.whl", hash = "sha256:86540386c03d588bb81d44bc3928634ff26449851e99741617ecb9037ee5ec0b", size = 1225217, upload-time = "2025-06-21T13:39:07.939Z" },
]

[[package]]
name = "pytest"
version = "9.0.2"
source = { registry = "https://pypi.org/simple" }
dependencies = [
    { name = "colorama", marker = "sys_platform == 'win32'" },
    { name = "iniconfig" },
    { name = "packaging" },
    { name = "pluggy" },
    { name = "pygments" },
]
sdist = { url = "https://files.pythonhosted.org/packages/d1/db/7ef3487e0fb0049ddb5ce41d3a49c235bf9ad299b6a25d5780a89f19230f/pytest-9.0.2.tar.gz", hash = "sha256:75186651a92bd89611d1d9fc20f0b4345fd827c41ccd5c299a868a05d70edf11", size = 1568901, upload-time = "2025-12-06T21:30:51.014Z" }
wheels = [
    { url = "https://files.pythonhosted.org/packages/3b/ab/b3226f0bd7cdcf710fbede2b3548584366da3b19b5021e74f5bde2a8fa3f/pytest-9.0.2-py3-none-any.whl", hash = "sha256:711ffd45bf766d5264d487b917733b453d917afd2b0ad65223959f59089f875b", size = 374801, upload-time = "2025-12-06T21:30:49.154Z" },
]

[[package]]
name = "pytest-mock"
version = "3.15.1"
source = { registry = "https://pypi.org/simple" }
dependencies = [
    { name = "pytest" },
]
sdist = { url = "https://files.pythonhosted.org/packages/68/14/eb014d26be205d38ad5ad20d9a80f7d201472e08167f0bb4361e251084a9/pytest_mock-3.15.1.tar.gz", hash = "sha256:1849a238f6f396da19762269de72cb1814ab44416fa73a8686deac10b0d87a0f", size = 34036, upload-time = "2025-09-16T16:37:27.081Z" }
wheels = [
    { url = "https://files.pythonhosted.org/packages/5a/cc/06253936f4a7fa2e0f48dfe6d851d9c56df896a9ab09ac019d70b760619c/pytest_mock-3.15.1-py3-none-any.whl", hash = "sha256:0a25e2eb88fe5168d535041d09a4529a188176ae608a6d249ee65abc0949630d", size = 10095, upload-time = "2025-09-16T16:37:25.734Z" },
]

[[package]]
name = "ruff"
version = "0.13.3"
source = { registry = "https://pypi.org/simple" }
sdist = { url = "https://files.pythonhosted.org/packages/c7/8e/f9f9ca747fea8e3ac954e3690d4698c9737c23b51731d02df999c150b1c9/ruff-0.13.3.tar.gz", hash = "sha256:5b0ba0db740eefdfbcce4299f49e9eaefc643d4d007749d77d047c2bab19908e", size = 5438533, upload-time = "2025-10-02T19:29:31.582Z" }
wheels = [
    { url = "https://files.pythonhosted.org/packages/d2/33/8f7163553481466a92656d35dea9331095122bb84cf98210bef597dd2ecd/ruff-0.13.3-py3-none-linux_armv6l.whl", hash = "sha256:311860a4c5e19189c89d035638f500c1e191d283d0cc2f1600c8c80d6dcd430c", size = 12484040, upload-time = "2025-10-02T19:28:49.199Z" },
    { url = "https://files.pythonhosted.org/packages/b0/b5/4a21a4922e5dd6845e91896b0d9ef493574cbe061ef7d00a73c61db531af/ruff-0.13.3-py3-none-macosx_10_12_x86_64.whl", hash = "sha256:2bdad6512fb666b40fcadb65e33add2b040fc18a24997d2e47fee7d66f7fcae2", size = 13122975, upload-time = "2025-10-02T19:28:52.446Z" },
    { url = "https://files.pythonhosted.org/packages/40/90/15649af836d88c9f154e5be87e64ae7d2b1baa5a3ef317cb0c8fafcd882d/ruff-0.13.3-py3-none-macosx_11_0_arm64.whl", hash = "sha256:fc6fa4637284708d6ed4e5e970d52fc3b76a557d7b4e85a53013d9d201d93286", size = 12346621, upload-time = "2025-10-02T19:28:54.712Z" },
    { url = "https://files.pythonhosted.org/packages/a5/42/bcbccb8141305f9a6d3f72549dd82d1134299177cc7eaf832599700f95a7/ruff-0.13.3-py3-none-manylinux_2_17_aarch64.manylinux2014_aarch64.whl", hash = "sha256:1c9e6469864f94a98f412f20ea143d547e4c652f45e44f369d7b74ee78185838", size = 12574408, upload-time = "2025-10-02T19:28:56.679Z" },
    { url = "https://files.pythonhosted.org/packages/ce/19/0f3681c941cdcfa2d110ce4515624c07a964dc315d3100d889fcad3bfc9e/ruff-0.13.3-py3-none-manylinux_2_17_armv7l.manylinux2014_armv7l.whl", hash = "sha256:5bf62b705f319476c78891e0e97e965b21db468b3c999086de8ffb0d40fd2822", size = 12285330, upload-time = "2025-10-02T19:28:58.79Z" },
    { url = "https://files.pythonhosted.org/packages/10/f8/387976bf00d126b907bbd7725219257feea58650e6b055b29b224d8cb731/ruff-0.13.3-py3-none-manylinux_2_17_i686.manylinux2014_i686.whl", hash = "sha256:78cc1abed87ce40cb07ee0667ce99dbc766c9f519eabfd948ed87295d8737c60", size = 13980815, upload-time = "2025-10-02T19:29:01.577Z" },
    { url = "https://files.pythonhosted.org/packages/0c/a6/7c8ec09d62d5a406e2b17d159e4817b63c945a8b9188a771193b7e1cc0b5/ruff-0.13.3-py3-none-manylinux_2_17_ppc64.manylinux2014_ppc64.whl", hash = "sha256:4fb75e7c402d504f7a9a259e0442b96403fa4a7310ffe3588d11d7e170d2b1e3", size = 14987733, upload-time = "2025-10-02T19:29:04.036Z" },
    { url = "https://files.pythonhosted.org/packages/97/e5/f403a60a12258e0fd0c2195341cfa170726f254c788673495d86ab5a9a9d/ruff-0.13.3-py3-none-manylinux_2_17_ppc64le.manylinux2014_ppc64le.whl", hash = "sha256:17b951f9d9afb39330b2bdd2dd144ce1c1335881c277837ac1b50bfd99985ed3", size = 14439848, upload-time = "2025-10-02T19:29:06.684Z" },
    { url = "https://files.pythonhosted.org/packages/39/49/3de381343e89364c2334c9f3268b0349dc734fc18b2d99a302d0935c8345/ruff-0.13.3-py3-none-manylinux_2_17_s390x.manylinux2014_s390x.whl", hash = "sha256:6052f8088728898e0a449f0dde8fafc7ed47e4d878168b211977e3e7e854f662", size = 13421890, upload-time = "2025-10-02T19:29:08.767Z" },
    { url = "https://files.pythonhosted.org/packages/ab/b5/c0feca27d45ae74185a6bacc399f5d8920ab82df2d732a17213fb86a2c4c/ruff-0.13.3-py3-none-manylinux_2_17_x86_64.manylinux2014_x86_64.whl", hash = "sha256:dc742c50f4ba72ce2a3be362bd359aef7d0d302bf7637a6f942eaa763bd292af", size = 13444870, upload-time = "2025-10-02T19:29:11.234Z" },
    { url = "https://files.pythonhosted.org/packages/50/a1/b655298a1f3fda4fdc7340c3f671a4b260b009068fbeb3e4e151e9e3e1bf/ruff-0.13.3-py3-none-manylinux_2_31_riscv64.whl", hash = "sha256:8e5640349493b378431637019366bbd73c927e515c9c1babfea3e932f5e68e1d", size = 13691599, upload-time = "2025-10-02T19:29:13.353Z" },
    { url = "https://files.pythonhosted.org/packages/32/b0/a8705065b2dafae007bcae21354e6e2e832e03eb077bb6c8e523c2becb92/ruff-0.13.3-py3-none-musllinux_1_2_aarch64.whl", hash = "sha256:6b139f638a80eae7073c691a5dd8d581e0ba319540be97c343d60fb12949c8d0", size = 12421893, upload-time = "2025-10-02T19:29:15.668Z" },
    { url = "https://files.pythonhosted.org/packages/0d/1e/cbe7082588d025cddbb2f23e6dfef08b1a2ef6d6f8328584ad3015b5cebd/ruff-0.13.3-py3-none-musllinux_1_2_armv7l.whl", hash = "sha256:6b547def0a40054825de7cfa341039ebdfa51f3d4bfa6a0772940ed351d2746c", size = 12267220, upload-time = "2025-10-02T19:29:17.583Z" },
    { url = "https://files.pythonhosted.org/packages/a5/99/4086f9c43f85e0755996d09bdcb334b6fee9b1eabdf34e7d8b877fadf964/ruff-0.13.3-py3-none-musllinux_1_2_i686.whl", hash = "sha256:9cc48a3564423915c93573f1981d57d101e617839bef38504f85f3677b3a0a3e", size = 13177818, upload-time = "2025-10-02T19:29:19.943Z" },
    { url = "https://files.pythonhosted.org/packages/9b/de/7b5db7e39947d9dc1c5f9f17b838ad6e680527d45288eeb568e860467010/ruff-0.13.3-py3-none-musllinux_1_2_x86_64.whl", hash = "sha256:1a993b17ec03719c502881cb2d5f91771e8742f2ca6de740034433a97c561989", size = 13618715, upload-time = "2025-10-02T19:29:22.527Z" },
    { url = "https://files.pythonhosted.org/packages/28/d3/bb25ee567ce2f61ac52430cf99f446b0e6d49bdfa4188699ad005fdd16aa/ruff-0.13.3-py3-none-win32.whl", hash = "sha256:f14e0d1fe6460f07814d03c6e32e815bff411505178a1f539a38f6097d3e8ee3", size = 12334488, upload-time = "2025-10-02T19:29:24.782Z" },
    { url = "https://files.pythonhosted.org/packages/cf/49/12f5955818a1139eed288753479ba9d996f6ea0b101784bb1fe6977ec128/ruff-0.13.3-py3-none-win_amd64.whl", hash = "sha256:621e2e5812b691d4f244638d693e640f188bacbb9bc793ddd46837cea0503dd2", size = 13455262, upload-time = "2025-10-02T19:29:26.882Z" },
    { url = "https://files.pythonhosted.org/packages/fe/72/7b83242b26627a00e3af70d0394d68f8f02750d642567af12983031777fc/ruff-0.13.3-py3-none-win_arm64.whl", hash = "sha256:9e9e9d699841eaf4c2c798fa783df2fabc680b72059a02ca0ed81c460bc58330", size = 12538484, upload-time = "2025-10-02T19:29:28.951Z" },
]

[[package]]
name = "ty"
version = "0.0.12"
source = { registry = "https://pypi.org/simple" }
sdist = { url = "https://files.pythonhosted.org/packages/b5/78/ba1a4ad403c748fbba8be63b7e774a90e80b67192f6443d624c64fe4aaab/ty-0.0.12.tar.gz", hash = "sha256:cd01810e106c3b652a01b8f784dd21741de9fdc47bd595d02c122a7d5cefeee7", size = 4981303, upload-time = "2026-01-14T22:30:48.537Z" }
wheels = [
    { url = "https://files.pythonhosted.org/packages/7d/8f/c21314d074dda5fb13d3300fa6733fd0d8ff23ea83a721818740665b6314/ty-0.0.12-py3-none-linux_armv6l.whl", hash = "sha256:eb9da1e2c68bd754e090eab39ed65edf95168d36cbeb43ff2bd9f86b4edd56d1", size = 9614164, upload-time = "2026-01-14T22:30:44.016Z" },
    { url = "https://files.pythonhosted.org/packages/09/28/f8a4d944d13519d70c486e8f96d6fa95647ac2aa94432e97d5cfec1f42f6/ty-0.0.12-py3-none-macosx_10_12_x86_64.whl", hash = "sha256:c181f42aa19b0ed7f1b0c2d559980b1f1d77cc09419f51c8321c7ddf67758853", size = 9542337, upload-time = "2026-01-14T22:30:05.687Z" },
    { url = "https://files.pythonhosted.org/packages/e1/9c/f576e360441de7a8201daa6dc4ebc362853bc5305e059cceeb02ebdd9a48/ty-0.0.12-py3-none-macosx_11_0_arm64.whl", hash = "sha256:1f829e1eecd39c3e1b032149db7ae6a3284f72fc36b42436e65243a9ed1173db", size = 8909582, upload-time = "2026-01-14T22:30:46.089Z" },
    { url = "https://files.pythonhosted.org/packages/d6/13/0898e494032a5d8af3060733d12929e3e7716db6c75eac63fa125730a3e7/ty-0.0.12-py3-none-manylinux_2_17_aarch64.manylinux2014_aarch64.whl", hash = "sha256:f45162e7826e1789cf3374627883cdeb0d56b82473a0771923e4572928e90be3", size = 9384932, upload-time = "2026-01-14T22:30:13.769Z" },
    { url = "https://files.pythonhosted.org/packages/e4/1a/b35b6c697008a11d4cedfd34d9672db2f0a0621ec80ece109e13fca4dfef/ty-0.0.12-py3-none-manylinux_2_17_armv7l.manylinux2014_armv7l.whl", hash = "sha256:d11fec40b269bec01e751b2337d1c7ffa959a2c2090a950d7e21c2792442cccd", size = 9453140, upload-time = "2026-01-14T22:30:11.131Z" },
    { url = "https://files.pythonhosted.org/packages/dd/1e/71c9edbc79a3c88a0711324458f29c7dbf6c23452c6e760dc25725483064/ty-0.0.12-py3-none-manylinux_2_17_i686.manylinux2014_i686.whl", hash = "sha256:09d99e37e761a4d2651ad9d5a610d11235fbcbf35dc6d4bc04abf54e7cf894f1", size = 9960680, upload-time = "2026-01-14T22:30:33.621Z" },
    { url = "https://files.pythonhosted.org/packages/0e/75/39375129f62dd22f6ad5a99cd2a42fd27d8b91b235ce2db86875cdad397d/ty-0.0.12-py3-none-manylinux_2_17_ppc64.manylinux2014_ppc64.whl", hash = "sha256:d9ca0cdb17bd37397da7b16a7cd23423fc65c3f9691e453ad46c723d121225a1", size = 10904518, upload-time = "2026-01-14T22:30:08.464Z" },
    { url = "https://files.pythonhosted.org/packages/32/5e/26c6d88fafa11a9d31ca9f4d12989f57782ec61e7291d4802d685b5be118/ty-0.0.12-py3-none-manylinux_2_17_ppc64le.manylinux2014_ppc64le.whl", hash = "sha256:fcf2757b905e7eddb7e456140066335b18eb68b634a9f72d6f54a427ab042c64", size = 10525001, upload-time = "2026-01-14T22:30:16.454Z" },
    { url = "https://files.pythonhosted.org/packages/c2/a5/2f0b91894af13187110f9ad7ee926d86e4e6efa755c9c88a820ed7f84c85/ty-0.0.12-py3-none-manylinux_2_17_s390x.manylinux2014_s390x.whl", hash = "sha256:00cf34c1ebe1147efeda3021a1064baa222c18cdac114b7b050bbe42deb4ca80", size = 10307103, upload-time = "2026-01-14T22:30:41.221Z" },
    { url = "https://files.pythonhosted.org/packages/4b/77/13d0410827e4bc713ebb7fdaf6b3590b37dcb1b82e0a81717b65548f2442/ty-0.0.12-py3-none-manylinux_2_17_x86_64.manylinux2014_x86_64.whl", hash = "sha256:2bb3a655bd869352e9a22938d707631ac9fbca1016242b1f6d132d78f347c851", size = 10072737, upload-time = "2026-01-14T22:30:51.783Z" },
    { url = "https://files.pythonhosted.org/packages/e1/dd/fc36d8bac806c74cf04b4ca735bca14d19967ca84d88f31e121767880df1/ty-0.0.12-py3-none-musllinux_1_2_aarch64.whl", hash = "sha256:4658e282c7cb82be304052f8f64f9925f23c3c4f90eeeb32663c74c4b095d7ba", size = 9368726, upload-time = "2026-01-14T22:30:18.683Z" },
    { url = "https://files.pythonhosted.org/packages/54/70/9e8e461647550f83e2fe54bc632ccbdc17a4909644783cdbdd17f7296059/ty-0.0.12-py3-none-musllinux_1_2_armv7l.whl", hash = "sha256:c167d838eaaa06e03bb66a517f75296b643d950fbd93c1d1686a187e5a8dbd1f", size = 9454704, upload-time = "2026-01-14T22:30:22.759Z" },
    { url = "https://files.pythonhosted.org/packages/04/9b/6292cf7c14a0efeca0539cf7d78f453beff0475cb039fbea0eb5d07d343d/ty-0.0.12-py3-none-musllinux_1_2_i686.whl", hash = "sha256:2956e0c9ab7023533b461d8a0e6b2ea7b78e01a8dde0688e8234d0fce10c4c1c", size = 9649829, upload-time = "2026-01-14T22:30:31.234Z" },
    { url = "https://files.pythonhosted.org/packages/49/bd/472a5d2013371e4870886cff791c94abdf0b92d43d305dd0f8e06b6ff719/ty-0.0.12-py3-none-musllinux_1_2_x86_64.whl", hash = "sha256:5c6a3fd7479580009f21002f3828320621d8a82d53b7ba36993234e3ccad58c8", size = 10162814, upload-time = "2026-01-14T22:30:36.174Z" },
    { url = "https://files.pythonhosted.org/packages/31/e9/2ecbe56826759845a7c21d80aa28187865ea62bc9757b056f6cbc06f78ed/ty-0.0.12-py3-none-win32.whl", hash = "sha256:a91c24fd75c0f1796d8ede9083e2c0ec96f106dbda73a09fe3135e075d31f742", size = 9140115, upload-time = "2026-01-14T22:30:38.903Z" },
    { url = "https://files.pythonhosted.org/packages/5d/6d/d9531eff35a5c0ec9dbc10231fac21f9dd6504814048e81d6ce1c84dc566/ty-0.0.12-py3-none-win_amd64.whl", hash = "sha256:df151894be55c22d47068b0f3b484aff9e638761e2267e115d515fcc9c5b4a4b", size = 9884532, upload-time = "2026-01-14T22:30:25.112Z" },
    { url = "https://files.pythonhosted.org/packages/e9/f3/20b49e75967023b123a221134548ad7000f9429f13fdcdda115b4c26305f/ty-0.0.12-py3-none-win_arm64.whl", hash = "sha256:cea99d334b05629de937ce52f43278acf155d3a316ad6a35356635f886be20ea", size = 9313974, upload-time = "2026-01-14T22:30:27.44Z" },
]

[[package]]
name = "typos"
version = "1.42.0"
source = { registry = "https://pypi.org/simple" }
sdist = { url = "https://files.pythonhosted.org/packages/93/86/df46b493667a4ce6d5a30b95c7cb4418c881b3e0b6a12b9e4cb7bc938002/typos-1.42.0.tar.gz", hash = "sha256:3e139df21326cfcde3b1520e4318d00181b94968fb5486af38ec02dbffc1f85a", size = 1783357, upload-time = "2026-01-07T21:36:28.509Z" }
wheels = [
    { url = "https://files.pythonhosted.org/packages/87/f0/9341ee077141e56380b8bc1ba340e3564274625ff3bb759118ae21e969e3/typos-1.42.0-py3-none-macosx_10_12_x86_64.whl", hash = "sha256:4d564efb2e8fe69c8e954a95071b88f109283a388bcab52b6a6d47132cb795c3", size = 3536717, upload-time = "2026-01-07T21:36:10.27Z" },
    { url = "https://files.pythonhosted.org/packages/51/4d/ffe57f3c9f0241f394e61d33d52627ebe3de77b21e8ad71ea6eefa66d099/typos-1.42.0-py3-none-macosx_11_0_arm64.whl", hash = "sha256:7540f53c3de862aceca41fe6a5d06ee29310badb20329233dc1449cade208b2f", size = 3434045, upload-time = "2026-01-07T21:36:12.557Z" },
    { url = "https://files.pythonhosted.org/packages/d8/75/56a4b7a31cde768612489a141c56e636a8d926eb7f5112cd61978aa43d28/typos-1.42.0-py3-none-manylinux_2_17_aarch64.manylinux2014_aarch64.whl", hash = "sha256:773aa98393ab50e7ebb268e57f6d8797044125c0ca6a8ca7b15a88f09a186913", size = 8289950, upload-time = "2026-01-07T21:36:14.607Z" },
    { url = "https://files.pythonhosted.org/packages/57/9c/168786a966ffe5ef0a07200fbff418f0d71656fc18bfe7c3cf72c7a22910/typos-1.42.0-py3-none-manylinux_2_17_i686.manylinux2014_i686.whl", hash = "sha256:1adb94ab86f491d465de1b99a5ca75d1ac57d7744ac203a8c8924ba3f0f0858e", size = 7401544, upload-time = "2026-01-07T21:36:16.661Z" },
    { url = "https://files.pythonhosted.org/packages/84/57/f40b29a8542d64e5168d9d77dee016e5469c47095a9431741b9113db0f60/typos-1.42.0-py3-none-manylinux_2_17_x86_64.manylinux2014_x86_64.whl", hash = "sha256:84620ff074f648e29ab5e8a2a241964517e1a6d00f66ffe7884470dd7a7f8cf5", size = 7784920, upload-time = "2026-01-07T21:36:18.785Z" },
    { url = "https://files.pythonhosted.org/packages/76/80/9c1f3f4b014c9c64c9b78c3229aa7327104e8af569c912d2490e04ce8c2e/typos-1.42.0-py3-none-musllinux_1_2_aarch64.whl", hash = "sha256:f30a9808a0faf83f7cc7628a2629b4fe82193b44e67984c49caa8b3b7b6ef958", size = 7175153, upload-time = "2026-01-07T21:36:20.989Z" },
    { url = "https://files.pythonhosted.org/packages/05/8a/63f59deb228148d0912fa70b9546b6cc7dba141378e0099dbe9109f7938d/typos-1.42.0-py3-none-musllinux_1_2_x86_64.whl", hash = "sha256:33671f5f569a56bb91a72bc7018327e3b8862dfdc9ae2b95aa2ea165226b843d", size = 8209628, upload-time = "2026-01-07T21:36:23.031Z" },
    { url = "https://files.pythonhosted.org/packages/68/c9/f5bbd7a364dced4e03c205d174e98e6f9746c957950c09d5f21de9cad3bc/typos-1.42.0-py3-none-win32.whl", hash = "sha256:248d49aaeee9f4bc3acfd6f820872e1795aa0123e4978d0c195bda642a5300f3", size = 3103474, upload-time = "2026-01-07T21:36:24.881Z" },
    { url = "https://files.pythonhosted.org/packages/05/b9/f2f195708995aafc296e9ad1af3bc1806c9e0eae7564c20e8ba9dcb34a40/typos-1.42.0-py3-none-win_amd64.whl", hash = "sha256:4a93d34222b2059af351fc4624b0aa7c74616bb1eca67e113f71d76dea88b24c", size = 3289130, upload-time = "2026-01-07T21:36:26.873Z" },
]
